{
  "name": "@restyard/siren-client",
  "version": "0.1.0",
  "lockfileVersion": 3,
  "requires": true,
  "packages": {
    "": {
      "name": "@restyard/siren-client",
      "version": "0.1.0",
      "license": "MIT",
      "dependencies": {
        "fnxt": "^1.17.4",
        "rxjs": "^7.8.1",
        "simple-object-query": "^1.6.1"
      },
      "devDependencies": {
        "typescript": "^5.2.2"
      }
    },
    "node_modules/fnxt": {
      "version": "1.17.4",
      "resolved": "https://registry.npmjs.org/fnxt/-/fnxt-1.17.4.tgz",
      "integrity": "sha512-oOOty26Xb9f1+RBr8szONnZotSeleDeABHvdAXow+Om6AXgoGWz22xYOfvacCJ35o/YtlwGX2TE2i9KX9WmLLQ==",
      "dependencies": {
        "tslib": "^2.3.1"
      }
    },
    "node_modules/rxjs": {
      "version": "7.8.1",
      "resolved": "https://registry.npmjs.org/rxjs/-/rxjs-7.8.1.tgz",
      "integrity": "sha512-AA3TVj+0A2iuIoQkWEK/tqFjBq2j+6PO6Y0zJcvzLAFhEFIO3HL0vls9hWLncZbAAbK0mar7oZ4V079I/qPMxg==",
      "dependencies": {
        "tslib": "^2.1.0"
      }
    },
    "node_modules/simple-object-query": {
      "version": "1.6.1",
      "resolved": "https://registry.npmjs.org/simple-object-query/-/simple-object-query-1.6.1.tgz",
      "integrity": "sha512-naHJpl88BF4BiAMfimcGVXB5+wZhXBM2aMBenuBH0MB6b/Dxht4vdje000dux/W+RTKJUfrwnRyOghUwJ829XQ=="
    },
    "node_modules/tslib": {
      "version": "2.6.2",
      "resolved": "https://registry.npmjs.org/tslib/-/tslib-2.6.2.tgz",
      "integrity": "sha512-AEYxH93jGFPn/a2iVAwW87VuUIkR1FVUKB77NwMF7nBTDkDrrT/Hpt/IrCJ0QXhW27jTBDcf5ZY7w6RiqTMw2Q=="
    },
    "node_modules/typescript": {
      "version": "5.2.2",
      "resolved": "https://registry.npmjs.org/typescript/-/typescript-5.2.2.tgz",
      "integrity": "sha512-mI4WrpHsbCIcwT9cF4FZvr80QUeKvsUsUvKDoR+X/7XHQH98xYD8YHZg7ANtz2GtZt/CBq2QJ0thkGJMHfqc1w==",
      "dev": true,
      "bin": {
        "tsc": "bin/tsc",
        "tsserver": "bin/tsserver"
      },
      "engines": {
        "node": ">=14.17"
      }
    }
  }
}
